
Microsoft Visual Studio Solution File, Format Version 12.00
# Visual Studio Version 17
VisualStudioVersion = 17.0.31919.166
MinimumVisualStudioVersion = 10.0.40219.1
Project("{FAE04EC0-301F-11D3-BF4B-00C04F79EFBC}") = "DatasetConverter", "DatasetConverter\DatasetConverter.csproj", "{F91B4B90-1ECD-4EFD-B61A-92D81F6EB9B8}"
EndProject
Global
	GlobalSection(SolutionConfigurationPlatforms) = preSolution
		Debug|Any CPU = Debug|Any CPU
		Release|Any CPU = Release|Any CPU
	EndGlobalSection
	GlobalSection(ProjectConfigurationPlatforms) = postSolution
		{F91B4B90-1ECD-4EFD-B61A-92D81F6EB9B8}.Debug|Any CPU.ActiveCfg = Debug|Any CPU
		{F91B4B90-1ECD-4EFD-B61A-92D81F6EB9B8}.Debug|Any CPU.Build.0 = Debug|Any CPU
		{F91B4B90-1ECD-4EFD-B61A-92D81F6EB9B8}.Release|Any CPU.ActiveCfg = Release|Any CPU
		{F91B4B90-1ECD-4EFD-B61A-92D81F6EB9B8}.Release|Any CPU.Build.0 = Release|Any CPU
	EndGlobalSection
	GlobalSection(SolutionProperties) = preSolution
		HideSolutionNode = FALSE
	EndGlobalSection
	GlobalSection(ExtensibilityGlobals) = postSolution
		SolutionGuid = {96D9358D-1AF0-4CF5-98CB-4988E5BC1C7F}
	EndGlobalSection
EndGlobal
